
Microsoft Visual Studio Solution File, Format Version 12.00
# Visual Studio 15
VisualStudioVersion = 15.0.28010.2019
MinimumVisualStudioVersion = 10.0.40219.1
Project("{FAE04EC0-301F-11D3-BF4B-00C04F79EFBC}") = "InventoryStatsDLL", "InventoryStatsDLL\InventoryStatsDLL.csproj", "{928F5CBF-7644-4A0D-A74B-F2611D5F722C}"
EndProject
Global
	GlobalSection(SolutionConfigurationPlatforms) = preSolution
		Debug|Any CPU = Debug|Any CPU
		Release|Any CPU = Release|Any CPU
	EndGlobalSection
	GlobalSection(ProjectConfigurationPlatforms) = postSolution
		{928F5CBF-7644-4A0D-A74B-F2611D5F722C}.Debug|Any CPU.ActiveCfg = Debug|Any CPU
		{928F5CBF-7644-4A0D-A74B-F2611D5F722C}.Debug|Any CPU.Build.0 = Debug|Any CPU
		{928F5CBF-7644-4A0D-A74B-F2611D5F722C}.Release|Any CPU.ActiveCfg = Release|Any CPU
		{928F5CBF-7644-4A0D-A74B-F2611D5F722C}.Release|Any CPU.Build.0 = Release|Any CPU
	EndGlobalSection
	GlobalSection(SolutionProperties) = preSolution
		HideSolutionNode = FALSE
	EndGlobalSection
	GlobalSection(ExtensibilityGlobals) = postSolution
		SolutionGuid = {8A07F225-4C1F-4476-BDEA-69B65A5B5053}
	EndGlobalSection
EndGlobal
